// !$*UTF8*$!
{
	archiveVersion = 1;
	classes = {
	};
	objectVersion = 48;
	objects = {

/* Begin PBXBuildFile section */
		203EF04C1F76ADEB00A624BD /* AllFoodVC.swift in Sources */ = {isa = PBXBuildFile; fileRef = 203EF04B1F76ADEB00A624BD /* AllFoodVC.swift */; };
		203EF04E1F76B45F00A624BD /* StoreCell.swift in Sources */ = {isa = PBXBuildFile; fileRef = 203EF04D1F76B45F00A624BD /* StoreCell.swift */; };
		7EE5A912C881EFC98F7BCBEB /* Pods_ScrumptiousTests.framework in Frameworks */ = {isa = PBXBuildFile; fileRef = 19CB959A0CF4B788E3C1B908 /* Pods_ScrumptiousTests.framework */; };
		A6387E7D0296D9117A9C7AF0 /* Pods_Scrumptious.framework in Frameworks */ = {isa = PBXBuildFile; fileRef = F63A75047B92E617AD67C487 /* Pods_Scrumptious.framework */; };
		AC5FDCBD1F76978D00441FC0 /* DataManager.swift in Sources */ = {isa = PBXBuildFile; fileRef = AC5FDCBC1F76978D00441FC0 /* DataManager.swift */; };
		AC5FDCBF1F76C49B00441FC0 /* BusinessProfile.swift in Sources */ = {isa = PBXBuildFile; fileRef = AC5FDCBE1F76C49B00441FC0 /* BusinessProfile.swift */; };
		AC7071F01F76FCA300861E1D /* Extensions.swift in Sources */ = {isa = PBXBuildFile; fileRef = AC7071EF1F76FCA300861E1D /* Extensions.swift */; };
		ACA14D661F761E6C00E96095 /* AppDelegate.swift in Sources */ = {isa = PBXBuildFile; fileRef = ACA14D651F761E6C00E96095 /* AppDelegate.swift */; };
		ACA14D681F761E6C00E96095 /* art.scnassets in Resources */ = {isa = PBXBuildFile; fileRef = ACA14D671F761E6C00E96095 /* art.scnassets */; };
		ACA14D6A1F761E6C00E96095 /* ViewController.swift in Sources */ = {isa = PBXBuildFile; fileRef = ACA14D691F761E6C00E96095 /* ViewController.swift */; };
		ACA14D6D1F761E6C00E96095 /* Main.storyboard in Resources */ = {isa = PBXBuildFile; fileRef = ACA14D6B1F761E6C00E96095 /* Main.storyboard */; };
		ACA14D6F1F761E6C00E96095 /* Assets.xcassets in Resources */ = {isa = PBXBuildFile; fileRef = ACA14D6E1F761E6C00E96095 /* Assets.xcassets */; };
		ACA14D721F761E6C00E96095 /* LaunchScreen.storyboard in Resources */ = {isa = PBXBuildFile; fileRef = ACA14D701F761E6C00E96095 /* LaunchScreen.storyboard */; };
		ACA14D7D1F761E6D00E96095 /* ScrumptiousTests.swift in Sources */ = {isa = PBXBuildFile; fileRef = ACA14D7C1F761E6D00E96095 /* ScrumptiousTests.swift */; };
		ACA14D881F761E6D00E96095 /* ScrumptiousUITests.swift in Sources */ = {isa = PBXBuildFile; fileRef = ACA14D871F761E6D00E96095 /* ScrumptiousUITests.swift */; };
		ACB69A1B1F76959800F003D8 /* GoogleAPIManager.swift in Sources */ = {isa = PBXBuildFile; fileRef = ACB69A1A1F76959800F003D8 /* GoogleAPIManager.swift */; };
		ACB69A1D1F7695B500F003D8 /* HasuraAPIManager.swift in Sources */ = {isa = PBXBuildFile; fileRef = ACB69A1C1F7695B500F003D8 /* HasuraAPIManager.swift */; };
		FD421DB767D3E62469A1942F /* Pods_ScrumptiousUITests.framework in Frameworks */ = {isa = PBXBuildFile; fileRef = 1CB7095FE5F2698EE61BCA0A /* Pods_ScrumptiousUITests.framework */; };
/* End PBXBuildFile section */

/* Begin PBXContainerItemProxy section */
		ACA14D791F761E6D00E96095 /* PBXContainerItemProxy */ = {
			isa = PBXContainerItemProxy;
			containerPortal = ACA14D5A1F761E6C00E96095 /* Project object */;
			proxyType = 1;
			remoteGlobalIDString = ACA14D611F761E6C00E96095;
			remoteInfo = Scrumptious;
		};
		ACA14D841F761E6D00E96095 /* PBXContainerItemProxy */ = {
			isa = PBXContainerItemProxy;
			containerPortal = ACA14D5A1F761E6C00E96095 /* Project object */;
			proxyType = 1;
			remoteGlobalIDString = ACA14D611F761E6C00E96095;
			remoteInfo = Scrumptious;
		};
/* End PBXContainerItemProxy section */

/* Begin PBXFileReference section */
		19CB959A0CF4B788E3C1B908 /* Pods_ScrumptiousTests.framework */ = {isa = PBXFileReference; explicitFileType = wrapper.framework; includeInIndex = 0; path = Pods_ScrumptiousTests.framework; sourceTree = BUILT_PRODUCTS_DIR; };
		1CB7095FE5F2698EE61BCA0A /* Pods_ScrumptiousUITests.framework */ = {isa = PBXFileReference; explicitFileType = wrapper.framework; includeInIndex = 0; path = Pods_ScrumptiousUITests.framework; sourceTree = BUILT_PRODUCTS_DIR; };
		203EF04B1F76ADEB00A624BD /* AllFoodVC.swift */ = {isa = PBXFileReference; lastKnownFileType = sourcecode.swift; path = AllFoodVC.swift; sourceTree = "<group>"; };
		203EF04D1F76B45F00A624BD /* StoreCell.swift */ = {isa = PBXFileReference; lastKnownFileType = sourcecode.swift; path = StoreCell.swift; sourceTree = "<group>"; };
		74338091FAC0E1A373BEDB54 /* Pods-ScrumptiousTests.release.xcconfig */ = {isa = PBXFileReference; includeInIndex = 1; lastKnownFileType = text.xcconfig; name = "Pods-ScrumptiousTests.release.xcconfig"; path = "Pods/Target Support Files/Pods-ScrumptiousTests/Pods-ScrumptiousTests.release.xcconfig"; sourceTree = "<group>"; };
		7DFE65D41DC97B8291D66FC1 /* Pods-Scrumptious.debug.xcconfig */ = {isa = PBXFileReference; includeInIndex = 1; lastKnownFileType = text.xcconfig; name = "Pods-Scrumptious.debug.xcconfig"; path = "Pods/Target Support Files/Pods-Scrumptious/Pods-Scrumptious.debug.xcconfig"; sourceTree = "<group>"; };
		A3BA7241D80253419C6150CC /* Pods-ScrumptiousUITests.release.xcconfig */ = {isa = PBXFileReference; includeInIndex = 1; lastKnownFileType = text.xcconfig; name = "Pods-ScrumptiousUITests.release.xcconfig"; path = "Pods/Target Support Files/Pods-ScrumptiousUITests/Pods-ScrumptiousUITests.release.xcconfig"; sourceTree = "<group>"; };
		AC5FDCBC1F76978D00441FC0 /* DataManager.swift */ = {isa = PBXFileReference; lastKnownFileType = sourcecode.swift; path = DataManager.swift; sourceTree = "<group>"; };
		AC5FDCBE1F76C49B00441FC0 /* BusinessProfile.swift */ = {isa = PBXFileReference; lastKnownFileType = sourcecode.swift; path = BusinessProfile.swift; sourceTree = "<group>"; };
		AC7071EF1F76FCA300861E1D /* Extensions.swift */ = {isa = PBXFileReference; lastKnownFileType = sourcecode.swift; path = Extensions.swift; sourceTree = "<group>"; };
		ACA14D621F761E6C00E96095 /* Scrumptious.app */ = {isa = PBXFileReference; explicitFileType = wrapper.application; includeInIndex = 0; path = Scrumptious.app; sourceTree = BUILT_PRODUCTS_DIR; };
		ACA14D651F761E6C00E96095 /* AppDelegate.swift */ = {isa = PBXFileReference; lastKnownFileType = sourcecode.swift; path = AppDelegate.swift; sourceTree = "<group>"; };
		ACA14D671F761E6C00E96095 /* art.scnassets */ = {isa = PBXFileReference; lastKnownFileType = wrapper.scnassets; path = art.scnassets; sourceTree = "<group>"; };
		ACA14D691F761E6C00E96095 /* ViewController.swift */ = {isa = PBXFileReference; lastKnownFileType = sourcecode.swift; path = ViewController.swift; sourceTree = "<group>"; };
		ACA14D6C1F761E6C00E96095 /* Base */ = {isa = PBXFileReference; lastKnownFileType = file.storyboard; name = Base; path = Base.lproj/Main.storyboard; sourceTree = "<group>"; };
		ACA14D6E1F761E6C00E96095 /* Assets.xcassets */ = {isa = PBXFileReference; lastKnownFileType = folder.assetcatalog; path = Assets.xcassets; sourceTree = "<group>"; };
		ACA14D711F761E6C00E96095 /* Base */ = {isa = PBXFileReference; lastKnownFileType = file.storyboard; name = Base; path = Base.lproj/LaunchScreen.storyboard; sourceTree = "<group>"; };
		ACA14D731F761E6C00E96095 /* Info.plist */ = {isa = PBXFileReference; lastKnownFileType = text.plist.xml; path = Info.plist; sourceTree = "<group>"; };
		ACA14D781F761E6D00E96095 /* ScrumptiousTests.xctest */ = {isa = PBXFileReference; explicitFileType = wrapper.cfbundle; includeInIndex = 0; path = ScrumptiousTests.xctest; sourceTree = BUILT_PRODUCTS_DIR; };
		ACA14D7C1F761E6D00E96095 /* ScrumptiousTests.swift */ = {isa = PBXFileReference; lastKnownFileType = sourcecode.swift; path = ScrumptiousTests.swift; sourceTree = "<group>"; };
		ACA14D7E1F761E6D00E96095 /* Info.plist */ = {isa = PBXFileReference; lastKnownFileType = text.plist.xml; path = Info.plist; sourceTree = "<group>"; };
		ACA14D831F761E6D00E96095 /* ScrumptiousUITests.xctest */ = {isa = PBXFileReference; explicitFileType = wrapper.cfbundle; includeInIndex = 0; path = ScrumptiousUITests.xctest; sourceTree = BUILT_PRODUCTS_DIR; };
		ACA14D871F761E6D00E96095 /* ScrumptiousUITests.swift */ = {isa = PBXFileReference; lastKnownFileType = sourcecode.swift; path = ScrumptiousUITests.swift; sourceTree = "<group>"; };
		ACA14D891F761E6D00E96095 /* Info.plist */ = {isa = PBXFileReference; lastKnownFileType = text.plist.xml; path = Info.plist; sourceTree = "<group>"; };
		ACB69A1A1F76959800F003D8 /* GoogleAPIManager.swift */ = {isa = PBXFileReference; lastKnownFileType = sourcecode.swift; path = GoogleAPIManager.swift; sourceTree = "<group>"; };
		ACB69A1C1F7695B500F003D8 /* HasuraAPIManager.swift */ = {isa = PBXFileReference; lastKnownFileType = sourcecode.swift; path = HasuraAPIManager.swift; sourceTree = "<group>"; };
		C08DB329E38F10BC781C5DBA /* Pods-Scrumptious.release.xcconfig */ = {isa = PBXFileReference; includeInIndex = 1; lastKnownFileType = text.xcconfig; name = "Pods-Scrumptious.release.xcconfig"; path = "Pods/Target Support Files/Pods-Scrumptious/Pods-Scrumptious.release.xcconfig"; sourceTree = "<group>"; };
		CCBB91C08B201DCD8806491C /* Pods-ScrumptiousUITests.debug.xcconfig */ = {isa = PBXFileReference; includeInIndex = 1; lastKnownFileType = text.xcconfig; name = "Pods-ScrumptiousUITests.debug.xcconfig"; path = "Pods/Target Support Files/Pods-ScrumptiousUITests/Pods-ScrumptiousUITests.debug.xcconfig"; sourceTree = "<group>"; };
		CE75B7A247887883568559BB /* Pods-ScrumptiousTests.debug.xcconfig */ = {isa = PBXFileReference; includeInIndex = 1; lastKnownFileType = text.xcconfig; name = "Pods-ScrumptiousTests.debug.xcconfig"; path = "Pods/Target Support Files/Pods-ScrumptiousTests/Pods-ScrumptiousTests.debug.xcconfig"; sourceTree = "<group>"; };
		F63A75047B92E617AD67C487 /* Pods_Scrumptious.framework */ = {isa = PBXFileReference; explicitFileType = wrapper.framework; includeInIndex = 0; path = Pods_Scrumptious.framework; sourceTree = BUILT_PRODUCTS_DIR; };
/* End PBXFileReference section */

/* Begin PBXFrameworksBuildPhase section */
		ACA14D5F1F761E6C00E96095 /* Frameworks */ = {
			isa = PBXFrameworksBuildPhase;
			buildActionMask = 2147483647;
			files = (
				A6387E7D0296D9117A9C7AF0 /* Pods_Scrumptious.framework in Frameworks */,
			);
			runOnlyForDeploymentPostprocessing = 0;
		};
		ACA14D751F761E6D00E96095 /* Frameworks */ = {
			isa = PBXFrameworksBuildPhase;
			buildActionMask = 2147483647;
			files = (
				7EE5A912C881EFC98F7BCBEB /* Pods_ScrumptiousTests.framework in Frameworks */,
			);
			runOnlyForDeploymentPostprocessing = 0;
		};
		ACA14D801F761E6D00E96095 /* Frameworks */ = {
			isa = PBXFrameworksBuildPhase;
			buildActionMask = 2147483647;
			files = (
				FD421DB767D3E62469A1942F /* Pods_ScrumptiousUITests.framework in Frameworks */,
			);
			runOnlyForDeploymentPostprocessing = 0;
		};
/* End PBXFrameworksBuildPhase section */

/* Begin PBXGroup section */
		37A231E3C13EFCC74C0FB24D /* Frameworks */ = {
			isa = PBXGroup;
			children = (
				F63A75047B92E617AD67C487 /* Pods_Scrumptious.framework */,
				19CB959A0CF4B788E3C1B908 /* Pods_ScrumptiousTests.framework */,
				1CB7095FE5F2698EE61BCA0A /* Pods_ScrumptiousUITests.framework */,
			);
			name = Frameworks;
			sourceTree = "<group>";
		};
		A18BBEB5BEE4DD602074677D /* Pods */ = {
			isa = PBXGroup;
			children = (
				7DFE65D41DC97B8291D66FC1 /* Pods-Scrumptious.debug.xcconfig */,
				C08DB329E38F10BC781C5DBA /* Pods-Scrumptious.release.xcconfig */,
				CE75B7A247887883568559BB /* Pods-ScrumptiousTests.debug.xcconfig */,
				74338091FAC0E1A373BEDB54 /* Pods-ScrumptiousTests.release.xcconfig */,
				CCBB91C08B201DCD8806491C /* Pods-ScrumptiousUITests.debug.xcconfig */,
				A3BA7241D80253419C6150CC /* Pods-ScrumptiousUITests.release.xcconfig */,
			);
			name = Pods;
			sourceTree = "<group>";
		};
		ACA14D591F761E6C00E96095 = {
			isa = PBXGroup;
			children = (
				ACA14D641F761E6C00E96095 /* Scrumptious */,
				ACA14D7B1F761E6D00E96095 /* ScrumptiousTests */,
				ACA14D861F761E6D00E96095 /* ScrumptiousUITests */,
				ACA14D631F761E6C00E96095 /* Products */,
				A18BBEB5BEE4DD602074677D /* Pods */,
				37A231E3C13EFCC74C0FB24D /* Frameworks */,
			);
			sourceTree = "<group>";
		};
		ACA14D631F761E6C00E96095 /* Products */ = {
			isa = PBXGroup;
			children = (
				ACA14D621F761E6C00E96095 /* Scrumptious.app */,
				ACA14D781F761E6D00E96095 /* ScrumptiousTests.xctest */,
				ACA14D831F761E6D00E96095 /* ScrumptiousUITests.xctest */,
			);
			name = Products;
			sourceTree = "<group>";
		};
		ACA14D641F761E6C00E96095 /* Scrumptious */ = {
			isa = PBXGroup;
			children = (
				ACA14D651F761E6C00E96095 /* AppDelegate.swift */,
				ACA14D671F761E6C00E96095 /* art.scnassets */,
				ACA14D691F761E6C00E96095 /* ViewController.swift */,
				AC5FDCBE1F76C49B00441FC0 /* BusinessProfile.swift */,
				AC7071EF1F76FCA300861E1D /* Extensions.swift */,
				ACB69A1A1F76959800F003D8 /* GoogleAPIManager.swift */,
				AC5FDCBC1F76978D00441FC0 /* DataManager.swift */,
				ACB69A1C1F7695B500F003D8 /* HasuraAPIManager.swift */,
				ACA14D6B1F761E6C00E96095 /* Main.storyboard */,
				ACA14D6E1F761E6C00E96095 /* Assets.xcassets */,
				ACA14D701F761E6C00E96095 /* LaunchScreen.storyboard */,
				ACA14D731F761E6C00E96095 /* Info.plist */,
				203EF04B1F76ADEB00A624BD /* AllFoodVC.swift */,
				203EF04D1F76B45F00A624BD /* StoreCell.swift */,
			);
			path = Scrumptious;
			sourceTree = "<group>";
		};
		ACA14D7B1F761E6D00E96095 /* ScrumptiousTests */ = {
			isa = PBXGroup;
			children = (
				ACA14D7C1F761E6D00E96095 /* ScrumptiousTests.swift */,
				ACA14D7E1F761E6D00E96095 /* Info.plist */,
			);
			path = ScrumptiousTests;
			sourceTree = "<group>";
		};
		ACA14D861F761E6D00E96095 /* ScrumptiousUITests */ = {
			isa = PBXGroup;
			children = (
				ACA14D871F761E6D00E96095 /* ScrumptiousUITests.swift */,
				ACA14D891F761E6D00E96095 /* Info.plist */,
			);
			path = ScrumptiousUITests;
			sourceTree = "<group>";
		};
/* End PBXGroup section */

/* Begin PBXNativeTarget section */
		ACA14D611F761E6C00E96095 /* Scrumptious */ = {
			isa = PBXNativeTarget;
			buildConfigurationList = ACA14D8C1F761E6D00E96095 /* Build configuration list for PBXNativeTarget "Scrumptious" */;
			buildPhases = (
				90632530C09B2709AAD9AF49 /* [CP] Check Pods Manifest.lock */,
				ACA14D5E1F761E6C00E96095 /* Sources */,
				ACA14D5F1F761E6C00E96095 /* Frameworks */,
				ACA14D601F761E6C00E96095 /* Resources */,
				CE2BF1CD4DB58B30B6BED8EA /* [CP] Embed Pods Frameworks */,
				8439AA7646E3F423B65FDF40 /* [CP] Copy Pods Resources */,
			);
			buildRules = (
			);
			dependencies = (
			);
			name = Scrumptious;
			productName = Scrumptious;
			productReference = ACA14D621F761E6C00E96095 /* Scrumptious.app */;
			productType = "com.apple.product-type.application";
		};
		ACA14D771F761E6D00E96095 /* ScrumptiousTests */ = {
			isa = PBXNativeTarget;
			buildConfigurationList = ACA14D8F1F761E6D00E96095 /* Build configuration list for PBXNativeTarget "ScrumptiousTests" */;
			buildPhases = (
				C848BFC430595FB3D061FF6F /* [CP] Check Pods Manifest.lock */,
				ACA14D741F761E6D00E96095 /* Sources */,
				ACA14D751F761E6D00E96095 /* Frameworks */,
				ACA14D761F761E6D00E96095 /* Resources */,
				A75786CC82BF5A89E1C8163A /* [CP] Embed Pods Frameworks */,
				90F5515980AF82EF5EF3D527 /* [CP] Copy Pods Resources */,
			);
			buildRules = (
			);
			dependencies = (
				ACA14D7A1F761E6D00E96095 /* PBXTargetDependency */,
			);
			name = ScrumptiousTests;
			productName = ScrumptiousTests;
			productReference = ACA14D781F761E6D00E96095 /* ScrumptiousTests.xctest */;
			productType = "com.apple.product-type.bundle.unit-test";
		};
		ACA14D821F761E6D00E96095 /* ScrumptiousUITests */ = {
			isa = PBXNativeTarget;
			buildConfigurationList = ACA14D921F761E6D00E96095 /* Build configuration list for PBXNativeTarget "ScrumptiousUITests" */;
			buildPhases = (
				E9F00107C87D1BEF26471543 /* [CP] Check Pods Manifest.lock */,
				ACA14D7F1F761E6D00E96095 /* Sources */,
				ACA14D801F761E6D00E96095 /* Frameworks */,
				ACA14D811F761E6D00E96095 /* Resources */,
				0F5933793C1E82DAF42B5EC7 /* [CP] Embed Pods Frameworks */,
				B959600C02E3089C0E3E897E /* [CP] Copy Pods Resources */,
			);
			buildRules = (
			);
			dependencies = (
				ACA14D851F761E6D00E96095 /* PBXTargetDependency */,
			);
			name = ScrumptiousUITests;
			productName = ScrumptiousUITests;
			productReference = ACA14D831F761E6D00E96095 /* ScrumptiousUITests.xctest */;
			productType = "com.apple.product-type.bundle.ui-testing";
		};
/* End PBXNativeTarget section */

/* Begin PBXProject section */
		ACA14D5A1F761E6C00E96095 /* Project object */ = {
			isa = PBXProject;
			attributes = {
				LastSwiftUpdateCheck = 0900;
				LastUpgradeCheck = 0900;
				ORGANIZATIONNAME = scrumptious;
				TargetAttributes = {
					ACA14D611F761E6C00E96095 = {
						CreatedOnToolsVersion = 9.0;
						ProvisioningStyle = Automatic;
					};
					ACA14D771F761E6D00E96095 = {
						CreatedOnToolsVersion = 9.0;
						ProvisioningStyle = Automatic;
						TestTargetID = ACA14D611F761E6C00E96095;
					};
					ACA14D821F761E6D00E96095 = {
						CreatedOnToolsVersion = 9.0;
						ProvisioningStyle = Automatic;
						TestTargetID = ACA14D611F761E6C00E96095;
					};
				};
			};
			buildConfigurationList = ACA14D5D1F761E6C00E96095 /* Build configuration list for PBXProject "Scrumptious" */;
			compatibilityVersion = "Xcode 8.0";
			developmentRegion = en;
			hasScannedForEncodings = 0;
			knownRegions = (
				en,
				Base,
			);
			mainGroup = ACA14D591F761E6C00E96095;
			productRefGroup = ACA14D631F761E6C00E96095 /* Products */;
			projectDirPath = "";
			projectRoot = "";
			targets = (
				ACA14D611F761E6C00E96095 /* Scrumptious */,
				ACA14D771F761E6D00E96095 /* ScrumptiousTests */,
				ACA14D821F761E6D00E96095 /* ScrumptiousUITests */,
			);
		};
/* End PBXProject section */

/* Begin PBXResourcesBuildPhase section */
		ACA14D601F761E6C00E96095 /* Resources */ = {
			isa = PBXResourcesBuildPhase;
			buildActionMask = 2147483647;
			files = (
				ACA14D681F761E6C00E96095 /* art.scnassets in Resources */,
				ACA14D721F761E6C00E96095 /* LaunchScreen.storyboard in Resources */,
				ACA14D6F1F761E6C00E96095 /* Assets.xcassets in Resources */,
				ACA14D6D1F761E6C00E96095 /* Main.storyboard in Resources */,
			);
			runOnlyForDeploymentPostprocessing = 0;
		};
		ACA14D761F761E6D00E96095 /* Resources */ = {
			isa = PBXResourcesBuildPhase;
			buildActionMask = 2147483647;
			files = (
			);
			runOnlyForDeploymentPostprocessing = 0;
		};
		ACA14D811F761E6D00E96095 /* Resources */ = {
			isa = PBXResourcesBuildPhase;
			buildActionMask = 2147483647;
			files = (
			);
			runOnlyForDeploymentPostprocessing = 0;
		};
/* End PBXResourcesBuildPhase section */

/* Begin PBXShellScriptBuildPhase section */
		0F5933793C1E82DAF42B5EC7 /* [CP] Embed Pods Frameworks */ = {
			isa = PBXShellScriptBuildPhase;
			buildActionMask = 2147483647;
			files = (
			);
			inputPaths = (
			);
			name = "[CP] Embed Pods Frameworks";
			outputPaths = (
			);
			runOnlyForDeploymentPostprocessing = 0;
			shellPath = /bin/sh;
			shellScript = "\"${SRCROOT}/Pods/Target Support Files/Pods-ScrumptiousUITests/Pods-ScrumptiousUITests-frameworks.sh\"\n";
			showEnvVarsInLog = 0;
		};
		8439AA7646E3F423B65FDF40 /* [CP] Copy Pods Resources */ = {
			isa = PBXShellScriptBuildPhase;
			buildActionMask = 2147483647;
			files = (
			);
			inputPaths = (
			);
			name = "[CP] Copy Pods Resources";
			outputPaths = (
			);
			runOnlyForDeploymentPostprocessing = 0;
			shellPath = /bin/sh;
			shellScript = "\"${SRCROOT}/Pods/Target Support Files/Pods-Scrumptious/Pods-Scrumptious-resources.sh\"\n";
			showEnvVarsInLog = 0;
		};
		90632530C09B2709AAD9AF49 /* [CP] Check Pods Manifest.lock */ = {
			isa = PBXShellScriptBuildPhase;
			buildActionMask = 2147483647;
			files = (
			);
			inputPaths = (
			);
			name = "[CP] Check Pods Manifest.lock";
			outputPaths = (
			);
			runOnlyForDeploymentPostprocessing = 0;
			shellPath = /bin/sh;
			shellScript = "diff \"${PODS_ROOT}/../Podfile.lock\" \"${PODS_ROOT}/Manifest.lock\" > /dev/null\nif [ $? != 0 ] ; then\n    # print error to STDERR\n    echo \"error: The sandbox is not in sync with the Podfile.lock. Run 'pod install' or update your CocoaPods installation.\" >&2\n    exit 1\nfi\n";
			showEnvVarsInLog = 0;
		};
		90F5515980AF82EF5EF3D527 /* [CP] Copy Pods Resources */ = {
			isa = PBXShellScriptBuildPhase;
			buildActionMask = 2147483647;
			files = (
			);
			inputPaths = (
			);
			name = "[CP] Copy Pods Resources";
			outputPaths = (
			);
			runOnlyForDeploymentPostprocessing = 0;
			shellPath = /bin/sh;
			shellScript = "\"${SRCROOT}/Pods/Target Support Files/Pods-ScrumptiousTests/Pods-ScrumptiousTests-resources.sh\"\n";
			showEnvVarsInLog = 0;
		};
		A75786CC82BF5A89E1C8163A /* [CP] Embed Pods Frameworks */ = {
			isa = PBXShellScriptBuildPhase;
			buildActionMask = 2147483647;
			files = (
			);
			inputPaths = (
			);
			name = "[CP] Embed Pods Frameworks";
			outputPaths = (
			);
			runOnlyForDeploymentPostprocessing = 0;
			shellPath = /bin/sh;
			shellScript = "\"${SRCROOT}/Pods/Target Support Files/Pods-ScrumptiousTests/Pods-ScrumptiousTests-frameworks.sh\"\n";
			showEnvVarsInLog = 0;
		};
		B959600C02E3089C0E3E897E /* [CP] Copy Pods Resources */ = {
			isa = PBXShellScriptBuildPhase;
			buildActionMask = 2147483647;
			files = (
			);
			inputPaths = (
			);
			name = "[CP] Copy Pods Resources";
			outputPaths = (
			);
			runOnlyForDeploymentPostprocessing = 0;
			shellPath = /bin/sh;
			shellScript = "\"${SRCROOT}/Pods/Target Support Files/Pods-ScrumptiousUITests/Pods-ScrumptiousUITests-resources.sh\"\n";
			showEnvVarsInLog = 0;
		};
		C848BFC430595FB3D061FF6F /* [CP] Check Pods Manifest.lock */ = {
			isa = PBXShellScriptBuildPhase;
			buildActionMask = 2147483647;
			files = (
			);
			inputPaths = (
			);
			name = "[CP] Check Pods Manifest.lock";
			outputPaths = (
			);
			runOnlyForDeploymentPostprocessing = 0;
			shellPath = /bin/sh;
			shellScript = "diff \"${PODS_ROOT}/../Podfile.lock\" \"${PODS_ROOT}/Manifest.lock\" > /dev/null\nif [ $? != 0 ] ; then\n    # print error to STDERR\n    echo \"error: The sandbox is not in sync with the Podfile.lock. Run 'pod install' or update your CocoaPods installation.\" >&2\n    exit 1\nfi\n";
			showEnvVarsInLog = 0;
		};
		CE2BF1CD4DB58B30B6BED8EA /* [CP] Embed Pods Frameworks */ = {
			isa = PBXShellScriptBuildPhase;
			buildActionMask = 2147483647;
			files = (
			);
			inputPaths = (
			);
			name = "[CP] Embed Pods Frameworks";
			outputPaths = (
			);
			runOnlyForDeploymentPostprocessing = 0;
			shellPath = /bin/sh;
			shellScript = "\"${SRCROOT}/Pods/Target Support Files/Pods-Scrumptious/Pods-Scrumptious-frameworks.sh\"\n";
			showEnvVarsInLog = 0;
		};
		E9F00107C87D1BEF26471543 /* [CP] Check Pods Manifest.lock */ = {
			isa = PBXShellScriptBuildPhase;
			buildActionMask = 2147483647;
			files = (
			);
			inputPaths = (
			);
			name = "[CP] Check Pods Manifest.lock";
			outputPaths = (
			);
			runOnlyForDeploymentPostprocessing = 0;
			shellPath = /bin/sh;
			shellScript = "diff \"${PODS_ROOT}/../Podfile.lock\" \"${PODS_ROOT}/Manifest.lock\" > /dev/null\nif [ $? != 0 ] ; then\n    # print error to STDERR\n    echo \"error: The sandbox is not in sync with the Podfile.lock. Run 'pod install' or update your CocoaPods installation.\" >&2\n    exit 1\nfi\n";
			showEnvVarsInLog = 0;
		};
/* End PBXShellScriptBuildPhase section */

/* Begin PBXSourcesBuildPhase section */
		ACA14D5E1F761E6C00E96095 /* Sources */ = {
			isa = PBXSourcesBuildPhase;
			buildActionMask = 2147483647;
			files = (
				ACA14D6A1F761E6C00E96095 /* ViewController.swift in Sources */,
				AC7071F01F76FCA300861E1D /* Extensions.swift in Sources */,
				AC5FDCBD1F76978D00441FC0 /* DataManager.swift in Sources */,
				203EF04C1F76ADEB00A624BD /* AllFoodVC.swift in Sources */,
				ACB69A1B1F76959800F003D8 /* GoogleAPIManager.swift in Sources */,
				AC5FDCBF1F76C49B00441FC0 /* BusinessProfile.swift in Sources */,
				ACB69A1D1F7695B500F003D8 /* HasuraAPIManager.swift in Sources */,
				ACA14D661F761E6C00E96095 /* AppDelegate.swift in Sources */,
				203EF04E1F76B45F00A624BD /* StoreCell.swift in Sources */,
			);
			runOnlyForDeploymentPostprocessing = 0;
		};
		ACA14D741F761E6D00E96095 /* Sources */ = {
			isa = PBXSourcesBuildPhase;
			buildActionMask = 2147483647;
			files = (
				ACA14D7D1F761E6D00E96095 /* ScrumptiousTests.swift in Sources */,
			);
			runOnlyForDeploymentPostprocessing = 0;
		};
		ACA14D7F1F761E6D00E96095 /* Sources */ = {
			isa = PBXSourcesBuildPhase;
			buildActionMask = 2147483647;
			files = (
				ACA14D881F761E6D00E96095 /* ScrumptiousUITests.swift in Sources */,
			);
			runOnlyForDeploymentPostprocessing = 0;
		};
/* End PBXSourcesBuildPhase section */

/* Begin PBXTargetDependency section */
		ACA14D7A1F761E6D00E96095 /* PBXTargetDependency */ = {
			isa = PBXTargetDependency;
			target = ACA14D611F761E6C00E96095 /* Scrumptious */;
			targetProxy = ACA14D791F761E6D00E96095 /* PBXContainerItemProxy */;
		};
		ACA14D851F761E6D00E96095 /* PBXTargetDependency */ = {
			isa = PBXTargetDependency;
			target = ACA14D611F761E6C00E96095 /* Scrumptious */;
			targetProxy = ACA14D841F761E6D00E96095 /* PBXContainerItemProxy */;
		};
/* End PBXTargetDependency section */

/* Begin PBXVariantGroup section */
		ACA14D6B1F761E6C00E96095 /* Main.storyboard */ = {
			isa = PBXVariantGroup;
			children = (
				ACA14D6C1F761E6C00E96095 /* Base */,
			);
			name = Main.storyboard;
			sourceTree = "<group>";
		};
		ACA14D701F761E6C00E96095 /* LaunchScreen.storyboard */ = {
			isa = PBXVariantGroup;
			children = (
				ACA14D711F761E6C00E96095 /* Base */,
			);
			name = LaunchScreen.storyboard;
			sourceTree = "<group>";
		};
/* End PBXVariantGroup section */

/* Begin XCBuildConfiguration section */
		ACA14D8A1F761E6D00E96095 /* Debug */ = {
			isa = XCBuildConfiguration;
			buildSettings = {
				ALWAYS_SEARCH_USER_PATHS = NO;
				CLANG_ANALYZER_NONNULL = YES;
				CLANG_ANALYZER_NUMBER_OBJECT_CONVERSION = YES_AGGRESSIVE;
				CLANG_CXX_LANGUAGE_STANDARD = "gnu++14";
				CLANG_CXX_LIBRARY = "libc++";
				CLANG_ENABLE_MODULES = YES;
				CLANG_ENABLE_OBJC_ARC = YES;
				CLANG_WARN_BLOCK_CAPTURE_AUTORELEASING = YES;
				CLANG_WARN_BOOL_CONVERSION = YES;
				CLANG_WARN_COMMA = YES;
				CLANG_WARN_CONSTANT_CONVERSION = YES;
				CLANG_WARN_DIRECT_OBJC_ISA_USAGE = YES_ERROR;
				CLANG_WARN_DOCUMENTATION_COMMENTS = YES;
				CLANG_WARN_EMPTY_BODY = YES;
				CLANG_WARN_ENUM_CONVERSION = YES;
				CLANG_WARN_INFINITE_RECURSION = YES;
				CLANG_WARN_INT_CONVERSION = YES;
				CLANG_WARN_NON_LITERAL_NULL_CONVERSION = YES;
				CLANG_WARN_OBJC_LITERAL_CONVERSION = YES;
				CLANG_WARN_OBJC_ROOT_CLASS = YES_ERROR;
				CLANG_WARN_RANGE_LOOP_ANALYSIS = YES;
				CLANG_WARN_STRICT_PROTOTYPES = YES;
				CLANG_WARN_SUSPICIOUS_MOVE = YES;
				CLANG_WARN_UNGUARDED_AVAILABILITY = YES_AGGRESSIVE;
				CLANG_WARN_UNREACHABLE_CODE = YES;
				CLANG_WARN__DUPLICATE_METHOD_MATCH = YES;
				CODE_SIGN_IDENTITY = "iPhone Developer";
				COPY_PHASE_STRIP = NO;
				DEBUG_INFORMATION_FORMAT = dwarf;
				ENABLE_STRICT_OBJC_MSGSEND = YES;
				ENABLE_TESTABILITY = YES;
				GCC_C_LANGUAGE_STANDARD = gnu11;
				GCC_DYNAMIC_NO_PIC = NO;
				GCC_NO_COMMON_BLOCKS = YES;
				GCC_OPTIMIZATION_LEVEL = 0;
				GCC_PREPROCESSOR_DEFINITIONS = (
					"DEBUG=1",
					"$(inherited)",
				);
				GCC_WARN_64_TO_32_BIT_CONVERSION = YES;
				GCC_WARN_ABOUT_RETURN_TYPE = YES_ERROR;
				GCC_WARN_UNDECLARED_SELECTOR = YES;
				GCC_WARN_UNINITIALIZED_AUTOS = YES_AGGRESSIVE;
				GCC_WARN_UNUSED_FUNCTION = YES;
				GCC_WARN_UNUSED_VARIABLE = YES;
				IPHONEOS_DEPLOYMENT_TARGET = 11.0;
				MTL_ENABLE_DEBUG_INFO = YES;
				ONLY_ACTIVE_ARCH = YES;
				SDKROOT = iphoneos;
				SWIFT_ACTIVE_COMPILATION_CONDITIONS = DEBUG;
				SWIFT_OPTIMIZATION_LEVEL = "-Onone";
			};
			name = Debug;
		};
		ACA14D8B1F761E6D00E96095 /* Release */ = {
			isa = XCBuildConfiguration;
			buildSettings = {
				ALWAYS_SEARCH_USER_PATHS = NO;
				CLANG_ANALYZER_NONNULL = YES;
				CLANG_ANALYZER_NUMBER_OBJECT_CONVERSION = YES_AGGRESSIVE;
				CLANG_CXX_LANGUAGE_STANDARD = "gnu++14";
				CLANG_CXX_LIBRARY = "libc++";
				CLANG_ENABLE_MODULES = YES;
				CLANG_ENABLE_OBJC_ARC = YES;
				CLANG_WARN_BLOCK_CAPTURE_AUTORELEASING = YES;
				CLANG_WARN_BOOL_CONVERSION = YES;
				CLANG_WARN_COMMA = YES;
				CLANG_WARN_CONSTANT_CONVERSION = YES;
				CLANG_WARN_DIRECT_OBJC_ISA_USAGE = YES_ERROR;
				CLANG_WARN_DOCUMENTATION_COMMENTS = YES;
				CLANG_WARN_EMPTY_BODY = YES;
				CLANG_WARN_ENUM_CONVERSION = YES;
				CLANG_WARN_INFINITE_RECURSION = YES;
				CLANG_WARN_INT_CONVERSION = YES;
				CLANG_WARN_NON_LITERAL_NULL_CONVERSION = YES;
				CLANG_WARN_OBJC_LITERAL_CONVERSION = YES;
				CLANG_WARN_OBJC_ROOT_CLASS = YES_ERROR;
				CLANG_WARN_RANGE_LOOP_ANALYSIS = YES;
				CLANG_WARN_STRICT_PROTOTYPES = YES;
				CLANG_WARN_SUSPICIOUS_MOVE = YES;
				CLANG_WARN_UNGUARDED_AVAILABILITY = YES_AGGRESSIVE;
				CLANG_WARN_UNREACHABLE_CODE = YES;
				CLANG_WARN__DUPLICATE_METHOD_MATCH = YES;
				CODE_SIGN_IDENTITY = "iPhone Developer";
				COPY_PHASE_STRIP = NO;
				DEBUG_INFORMATION_FORMAT = "dwarf-with-dsym";
				ENABLE_NS_ASSERTIONS = NO;
				ENABLE_STRICT_OBJC_MSGSEND = YES;
				GCC_C_LANGUAGE_STANDARD = gnu11;
				GCC_NO_COMMON_BLOCKS = YES;
				GCC_WARN_64_TO_32_BIT_CONVERSION = YES;
				GCC_WARN_ABOUT_RETURN_TYPE = YES_ERROR;
				GCC_WARN_UNDECLARED_SELECTOR = YES;
				GCC_WARN_UNINITIALIZED_AUTOS = YES_AGGRESSIVE;
				GCC_WARN_UNUSED_FUNCTION = YES;
				GCC_WARN_UNUSED_VARIABLE = YES;
				IPHONEOS_DEPLOYMENT_TARGET = 11.0;
				MTL_ENABLE_DEBUG_INFO = NO;
				SDKROOT = iphoneos;
				SWIFT_OPTIMIZATION_LEVEL = "-Owholemodule";
				VALIDATE_PRODUCT = YES;
			};
			name = Release;
		};
		ACA14D8D1F761E6D00E96095 /* Debug */ = {
			isa = XCBuildConfiguration;
			baseConfigurationReference = 7DFE65D41DC97B8291D66FC1 /* Pods-Scrumptious.debug.xcconfig */;
			buildSettings = {
				ASSETCATALOG_COMPILER_APPICON_NAME = AppIcon;
				CODE_SIGN_STYLE = Automatic;
				DEVELOPMENT_TEAM = DGU6V4MRZ4;
				INFOPLIST_FILE = Scrumptious/Info.plist;
				LD_RUNPATH_SEARCH_PATHS = "$(inherited) @executable_path/Frameworks";
				PRODUCT_BUNDLE_IDENTIFIER = com.Scrumptious;
				PRODUCT_NAME = "$(TARGET_NAME)";
				SWIFT_VERSION = 4.0;
				TARGETED_DEVICE_FAMILY = "1,2";
			};
			name = Debug;
		};
		ACA14D8E1F761E6D00E96095 /* Release */ = {
			isa = XCBuildConfiguration;
			baseConfigurationReference = C08DB329E38F10BC781C5DBA /* Pods-Scrumptious.release.xcconfig */;
			buildSettings = {
				ASSETCATALOG_COMPILER_APPICON_NAME = AppIcon;
				CODE_SIGN_STYLE = Automatic;
				DEVELOPMENT_TEAM = DGU6V4MRZ4;
				INFOPLIST_FILE = Scrumptious/Info.plist;
				LD_RUNPATH_SEARCH_PATHS = "$(inherited) @executable_path/Frameworks";
				PRODUCT_BUNDLE_IDENTIFIER = com.Scrumptious;
				PRODUCT_NAME = "$(TARGET_NAME)";
				SWIFT_VERSION = 4.0;
				TARGETED_DEVICE_FAMILY = "1,2";
			};
			name = Release;
		};
		ACA14D901F761E6D00E96095 /* Debug */ = {
			isa = XCBuildConfiguration;
			baseConfigurationReference = CE75B7A247887883568559BB /* Pods-ScrumptiousTests.debug.xcconfig */;
			buildSettings = {
				ALWAYS_EMBED_SWIFT_STANDARD_LIBRARIES = YES;
				BUNDLE_LOADER = "$(TEST_HOST)";
				CODE_SIGN_STYLE = Automatic;
				DEVELOPMENT_TEAM = DGU6V4MRZ4;
				INFOPLIST_FILE = ScrumptiousTests/Info.plist;
				LD_RUNPATH_SEARCH_PATHS = "$(inherited) @executable_path/Frameworks @loader_path/Frameworks";
				PRODUCT_BUNDLE_IDENTIFIER = com.ScrumptiousTests;
				PRODUCT_NAME = "$(TARGET_NAME)";
				SWIFT_VERSION = 4.0;
				TARGETED_DEVICE_FAMILY = "1,2";
				TEST_HOST = "$(BUILT_PRODUCTS_DIR)/Scrumptious.app/Scrumptious";
			};
			name = Debug;
		};
		ACA14D911F761E6D00E96095 /* Release */ = {
			isa = XCBuildConfiguration;
			baseConfigurationReference = 74338091FAC0E1A373BEDB54 /* Pods-ScrumptiousTests.release.xcconfig */;
			buildSettings = {
				ALWAYS_EMBED_SWIFT_STANDARD_LIBRARIES = YES;
				BUNDLE_LOADER = "$(TEST_HOST)";
				CODE_SIGN_STYLE = Automatic;
				DEVELOPMENT_TEAM = DGU6V4MRZ4;
				INFOPLIST_FILE = ScrumptiousTests/Info.plist;
				LD_RUNPATH_SEARCH_PATHS = "$(inherited) @executable_path/Frameworks @loader_path/Frameworks";
				PRODUCT_BUNDLE_IDENTIFIER = com.ScrumptiousTests;
				PRODUCT_NAME = "$(TARGET_NAME)";
				SWIFT_VERSION = 4.0;
				TARGETED_DEVICE_FAMILY = "1,2";
				TEST_HOST = "$(BUILT_PRODUCTS_DIR)/Scrumptious.app/Scrumptious";
			};
			name = Release;
		};
		ACA14D931F761E6D00E96095 /* Debug */ = {
			isa = XCBuildConfiguration;
			baseConfigurationReference = CCBB91C08B201DCD8806491C /* Pods-ScrumptiousUITests.debug.xcconfig */;
			buildSettings = {
				ALWAYS_EMBED_SWIFT_STANDARD_LIBRARIES = YES;
				CODE_SIGN_STYLE = Automatic;
				DEVELOPMENT_TEAM = DGU6V4MRZ4;
				INFOPLIST_FILE = ScrumptiousUITests/Info.plist;
				LD_RUNPATH_SEARCH_PATHS = "$(inherited) @executable_path/Frameworks @loader_path/Frameworks";
				PRODUCT_BUNDLE_IDENTIFIER = com.ScrumptiousUITests;
				PRODUCT_NAME = "$(TARGET_NAME)";
				SWIFT_VERSION = 4.0;
				TARGETED_DEVICE_FAMILY = "1,2";
				TEST_TARGET_NAME = Scrumptious;
			};
			name = Debug;
		};
		ACA14D941F761E6D00E96095 /* Release */ = {
			isa = XCBuildConfiguration;
			baseConfigurationReference = A3BA7241D80253419C6150CC /* Pods-ScrumptiousUITests.release.xcconfig */;
			buildSettings = {
				ALWAYS_EMBED_SWIFT_STANDARD_LIBRARIES = YES;
				CODE_SIGN_STYLE = Automatic;
				DEVELOPMENT_TEAM = DGU6V4MRZ4;
				INFOPLIST_FILE = ScrumptiousUITests/Info.plist;
				LD_RUNPATH_SEARCH_PATHS = "$(inherited) @executable_path/Frameworks @loader_path/Frameworks";
				PRODUCT_BUNDLE_IDENTIFIER = com.ScrumptiousUITests;
				PRODUCT_NAME = "$(TARGET_NAME)";
				SWIFT_VERSION = 4.0;
				TARGETED_DEVICE_FAMILY = "1,2";
				TEST_TARGET_NAME = Scrumptious;
			};
			name = Release;
		};
/* End XCBuildConfiguration section */

/* Begin XCConfigurationList section */
		ACA14D5D1F761E6C00E96095 /* Build configuration list for PBXProject "Scrumptious" */ = {
			isa = XCConfigurationList;
			buildConfigurations = (
				ACA14D8A1F761E6D00E96095 /* Debug */,
				ACA14D8B1F761E6D00E96095 /* Release */,
			);
			defaultConfigurationIsVisible = 0;
			defaultConfigurationName = Release;
		};
		ACA14D8C1F761E6D00E96095 /* Build configuration list for PBXNativeTarget "Scrumptious" */ = {
			isa = XCConfigurationList;
			buildConfigurations = (
				ACA14D8D1F761E6D00E96095 /* Debug */,
				ACA14D8E1F761E6D00E96095 /* Release */,
			);
			defaultConfigurationIsVisible = 0;
			defaultConfigurationName = Release;
		};
		ACA14D8F1F761E6D00E96095 /* Build configuration list for PBXNativeTarget "ScrumptiousTests" */ = {
			isa = XCConfigurationList;
			buildConfigurations = (
				ACA14D901F761E6D00E96095 /* Debug */,
				ACA14D911F761E6D00E96095 /* Release */,
			);
			defaultConfigurationIsVisible = 0;
			defaultConfigurationName = Release;
		};
		ACA14D921F761E6D00E96095 /* Build configuration list for PBXNativeTarget "ScrumptiousUITests" */ = {
			isa = XCConfigurationList;
			buildConfigurations = (
				ACA14D931F761E6D00E96095 /* Debug */,
				ACA14D941F761E6D00E96095 /* Release */,
			);
			defaultConfigurationIsVisible = 0;
			defaultConfigurationName = Release;
		};
/* End XCConfigurationList section */
	};
	rootObject = ACA14D5A1F761E6C00E96095 /* Project object */;
}
